
Microsoft Visual Studio Solution File, Format Version 12.00
# Visual Studio 15
VisualStudioVersion = 15.0.27130.2026
MinimumVisualStudioVersion = 10.0.40219.1
Project("{9A19103F-16F7-4668-BE54-9A1E7A4F7556}") = "PacodelaCruz.DurableFunctions.Approval", "PacodelaCruz.DurableFunctions.Approval\PacodelaCruz.DurableFunctions.Approval.csproj", "{A14A584E-D565-48A8-8716-C58ACCA44A1D}"
EndProject
Global
	GlobalSection(SolutionConfigurationPlatforms) = preSolution
		Debug|Any CPU = Debug|Any CPU
		Release|Any CPU = Release|Any CPU
	EndGlobalSection
	GlobalSection(ProjectConfigurationPlatforms) = postSolution
		{A14A584E-D565-48A8-8716-C58ACCA44A1D}.Debug|Any CPU.ActiveCfg = Debug|Any CPU
		{A14A584E-D565-48A8-8716-C58ACCA44A1D}.Debug|Any CPU.Build.0 = Debug|Any CPU
		{A14A584E-D565-48A8-8716-C58ACCA44A1D}.Release|Any CPU.ActiveCfg = Release|Any CPU
		{A14A584E-D565-48A8-8716-C58ACCA44A1D}.Release|Any CPU.Build.0 = Release|Any CPU
	EndGlobalSection
	GlobalSection(SolutionProperties) = preSolution
		HideSolutionNode = FALSE
	EndGlobalSection
	GlobalSection(ExtensibilityGlobals) = postSolution
		SolutionGuid = {6BF04DEE-2635-4548-BFFA-880DB1EA22CD}
	EndGlobalSection
EndGlobal
